
Microsoft Visual Studio Solution File, Format Version 12.00
# Visual Studio 2013
VisualStudioVersion = 12.0.30110.0
MinimumVisualStudioVersion = 10.0.40219.1
Project("{2150E333-8FDC-42A3-9474-1A3956D46DE8}") = "Client", "Client", "{DF6EB216-5709-40B2-8EFE-403540F756BE}"
EndProject
Project("{2150E333-8FDC-42A3-9474-1A3956D46DE8}") = "Service", "Service", "{2D00D811-DB9A-43C7-8B18-A32FA00ACD77}"
EndProject
Project("{2150E333-8FDC-42A3-9474-1A3956D46DE8}") = "Test", "Test", "{42F1113F-B333-46B1-9877-7586AE7CD591}"
EndProject
Project("{2150E333-8FDC-42A3-9474-1A3956D46DE8}") = "DataServices", "DataServices", "{82ECFFE7-19AD-40BC-A3D7-A6A0A08AA955}"
EndProject
Project("{FAE04EC0-301F-11D3-BF4B-00C04F79EFBC}") = "Person.AzureTableDataAccess", "Prosen.AzureTableDataAccess\Person.AzureTableDataAccess.csproj", "{DAFA1BD8-6CAB-442C-8CC0-D3659BA3EE21}"
EndProject
Project("{FAE04EC0-301F-11D3-BF4B-00C04F79EFBC}") = "Person.MockedDataAccess", "Prosen.MockedDataAccess\Person.MockedDataAccess.csproj", "{5E394963-F77F-49F3-9633-3698319DAE1E}"
EndProject
Project("{FAE04EC0-301F-11D3-BF4B-00C04F79EFBC}") = "Person.SQLAzureDtaAccess", "Prosen.SQLAzureDtaAccess\Person.SQLAzureDtaAccess.csproj", "{EE721A13-9C8B-4CA1-A5DF-B56197608357}"
EndProject
Project("{FAE04EC0-301F-11D3-BF4B-00C04F79EFBC}") = "Person.Common", "Prosen.Common\Person.Common.csproj", "{C8E16906-65DD-462F-989C-F627F38FBE81}"
EndProject
Project("{FAE04EC0-301F-11D3-BF4B-00C04F79EFBC}") = "Person.DataServiceInterface", "Peosen.DataServiceInterface\Person.DataServiceInterface.csproj", "{5ADDB328-D9EF-4AE9-A211-195B7A708C42}"
EndProject
Project("{FAE04EC0-301F-11D3-BF4B-00C04F79EFBC}") = "Person.Models", "Prosen.Models\Person.Models.csproj", "{4541F5B6-8A87-49D9-A7D5-1F4274258189}"
EndProject
Project("{FAE04EC0-301F-11D3-BF4B-00C04F79EFBC}") = "Person.WebAPI", "Person.WebAPI\Person.WebAPI.csproj", "{6C76DAE9-DA5B-4A94-B79C-1160151A3EB3}"
EndProject
Project("{FAE04EC0-301F-11D3-BF4B-00C04F79EFBC}") = "FineUI.Examples", "FineUI.Examples\FineUI.Examples.csproj", "{CF702D32-2B3C-4FE7-8916-4C09DBF30289}"
EndProject
Project("{2150E333-8FDC-42A3-9474-1A3956D46DE8}") = "Ext", "Ext", "{6C95D590-B17A-45F1-8004-E05E45168FE9}"
EndProject
Project("{FAE04EC0-301F-11D3-BF4B-00C04F79EFBC}") = "Person.UnitTestProject", "Person.UnitTestProject\Person.UnitTestProject.csproj", "{14BB7A61-752F-4D4B-958C-558D943CE530}"
EndProject
Project("{FAE04EC0-301F-11D3-BF4B-00C04F79EFBC}") = "MoveShapeDemo", "MoveShapeDemo\MoveShapeDemo.csproj", "{01958A82-DC06-4A6E-A78E-F46593E509CE}"
EndProject
Project("{2150E333-8FDC-42A3-9474-1A3956D46DE8}") = "SignalR", "SignalR", "{C39212F3-F075-45AB-8821-18C64E320A47}"
EndProject
Project("{FAE04EC0-301F-11D3-BF4B-00C04F79EFBC}") = "SignalRChat", "SignalRChat\SignalRChat.csproj", "{E9B1F91F-698D-436D-BEFC-EF0F46672793}"
EndProject
Project("{2150E333-8FDC-42A3-9474-1A3956D46DE8}") = "Nvelocity", "Nvelocity", "{F7BF1E82-E655-4C2D-B8B8-2166827A27D7}"
EndProject
Project("{FAE04EC0-301F-11D3-BF4B-00C04F79EFBC}") = "NvelocityApplication", "NvelocityApplication\NvelocityApplication.csproj", "{E3C869AE-C9EE-4BD7-9A4D-3984E6D27838}"
EndProject
Project("{2150E333-8FDC-42A3-9474-1A3956D46DE8}") = "Cache", "Cache", "{733A6296-0B76-456A-91BD-C88B718BD186}"
EndProject
Project("{FAE04EC0-301F-11D3-BF4B-00C04F79EFBC}") = "CacheApplication", "CacheApplication\CacheApplication.csproj", "{5A54B921-F3C0-4AC2-94DB-8D27281A65E2}"
EndProject
Project("{FAE04EC0-301F-11D3-BF4B-00C04F79EFBC}") = "CacheApplicationMvc", "CacheApplicationMvc\CacheApplicationMvc.csproj", "{F7D57987-C8F9-4172-8C3D-C99606935429}"
EndProject
Project("{FAE04EC0-301F-11D3-BF4B-00C04F79EFBC}") = "SignalRSelfHost", "SignalRSelfHost\SignalRSelfHost.csproj", "{1DF8D325-8F38-438C-AB8D-141B73CDC8E6}"
EndProject
Project("{FAE04EC0-301F-11D3-BF4B-00C04F79EFBC}") = "JavascriptClient", "JavascriptClient\JavascriptClient.csproj", "{B3982DF7-B3D1-40D9-A8B5-A4E1031A5C93}"
EndProject
Project("{2150E333-8FDC-42A3-9474-1A3956D46DE8}") = "HTML5", "HTML5", "{6E394F23-249A-465A-A19C-720936561292}"
EndProject
Project("{FAE04EC0-301F-11D3-BF4B-00C04F79EFBC}") = "HTML5Pro", "HTML5Pro\HTML5Pro.csproj", "{78D8D946-697E-4A56-9CC0-11F0E2FCD0CE}"
EndProject
Project("{2150E333-8FDC-42A3-9474-1A3956D46DE8}") = "Sql Server", "Sql Server", "{F787552F-D10E-411E-81E7-20551919B0DD}"
EndProject
Project("{FAE04EC0-301F-11D3-BF4B-00C04F79EFBC}") = "SqlServer", "SqlServer\SqlServer.csproj", "{0EDFCB7C-3E76-4589-89FB-02DB5732199F}"
EndProject
Project("{2150E333-8FDC-42A3-9474-1A3956D46DE8}") = "CSharp", "CSharp", "{6A5F0E38-3A70-444D-B917-814E781B383F}"
EndProject
Project("{FAE04EC0-301F-11D3-BF4B-00C04F79EFBC}") = "CSharp", "CSharp\CSharp.csproj", "{23C473C3-C031-4DE8-A0D6-6863242483AE}"
EndProject
Project("{FAE04EC0-301F-11D3-BF4B-00C04F79EFBC}") = "CSharpCon", "CSharpCon\CSharpCon.csproj", "{ABF4A4EE-A5A0-4739-9E2D-9D17AC7E889E}"
EndProject
Global
	GlobalSection(SolutionConfigurationPlatforms) = preSolution
		Debug|Any CPU = Debug|Any CPU
		Release|Any CPU = Release|Any CPU
	EndGlobalSection
	GlobalSection(ProjectConfigurationPlatforms) = postSolution
		{DAFA1BD8-6CAB-442C-8CC0-D3659BA3EE21}.Debug|Any CPU.ActiveCfg = Debug|Any CPU
		{DAFA1BD8-6CAB-442C-8CC0-D3659BA3EE21}.Debug|Any CPU.Build.0 = Debug|Any CPU
		{DAFA1BD8-6CAB-442C-8CC0-D3659BA3EE21}.Release|Any CPU.ActiveCfg = Release|Any CPU
		{DAFA1BD8-6CAB-442C-8CC0-D3659BA3EE21}.Release|Any CPU.Build.0 = Release|Any CPU
		{5E394963-F77F-49F3-9633-3698319DAE1E}.Debug|Any CPU.ActiveCfg = Debug|Any CPU
		{5E394963-F77F-49F3-9633-3698319DAE1E}.Debug|Any CPU.Build.0 = Debug|Any CPU
		{5E394963-F77F-49F3-9633-3698319DAE1E}.Release|Any CPU.ActiveCfg = Release|Any CPU
		{5E394963-F77F-49F3-9633-3698319DAE1E}.Release|Any CPU.Build.0 = Release|Any CPU
		{EE721A13-9C8B-4CA1-A5DF-B56197608357}.Debug|Any CPU.ActiveCfg = Debug|Any CPU
		{EE721A13-9C8B-4CA1-A5DF-B56197608357}.Debug|Any CPU.Build.0 = Debug|Any CPU
		{EE721A13-9C8B-4CA1-A5DF-B56197608357}.Release|Any CPU.ActiveCfg = Release|Any CPU
		{EE721A13-9C8B-4CA1-A5DF-B56197608357}.Release|Any CPU.Build.0 = Release|Any CPU
		{C8E16906-65DD-462F-989C-F627F38FBE81}.Debug|Any CPU.ActiveCfg = Debug|Any CPU
		{C8E16906-65DD-462F-989C-F627F38FBE81}.Debug|Any CPU.Build.0 = Debug|Any CPU
		{C8E16906-65DD-462F-989C-F627F38FBE81}.Release|Any CPU.ActiveCfg = Release|Any CPU
		{C8E16906-65DD-462F-989C-F627F38FBE81}.Release|Any CPU.Build.0 = Release|Any CPU
		{5ADDB328-D9EF-4AE9-A211-195B7A708C42}.Debug|Any CPU.ActiveCfg = Debug|Any CPU
		{5ADDB328-D9EF-4AE9-A211-195B7A708C42}.Debug|Any CPU.Build.0 = Debug|Any CPU
		{5ADDB328-D9EF-4AE9-A211-195B7A708C42}.Release|Any CPU.ActiveCfg = Release|Any CPU
		{5ADDB328-D9EF-4AE9-A211-195B7A708C42}.Release|Any CPU.Build.0 = Release|Any CPU
		{4541F5B6-8A87-49D9-A7D5-1F4274258189}.Debug|Any CPU.ActiveCfg = Debug|Any CPU
		{4541F5B6-8A87-49D9-A7D5-1F4274258189}.Debug|Any CPU.Build.0 = Debug|Any CPU
		{4541F5B6-8A87-49D9-A7D5-1F4274258189}.Release|Any CPU.ActiveCfg = Release|Any CPU
		{4541F5B6-8A87-49D9-A7D5-1F4274258189}.Release|Any CPU.Build.0 = Release|Any CPU
		{6C76DAE9-DA5B-4A94-B79C-1160151A3EB3}.Debug|Any CPU.ActiveCfg = Debug|Any CPU
		{6C76DAE9-DA5B-4A94-B79C-1160151A3EB3}.Debug|Any CPU.Build.0 = Debug|Any CPU
		{6C76DAE9-DA5B-4A94-B79C-1160151A3EB3}.Release|Any CPU.ActiveCfg = Release|Any CPU
		{6C76DAE9-DA5B-4A94-B79C-1160151A3EB3}.Release|Any CPU.Build.0 = Release|Any CPU
		{CF702D32-2B3C-4FE7-8916-4C09DBF30289}.Debug|Any CPU.ActiveCfg = Debug|Any CPU
		{CF702D32-2B3C-4FE7-8916-4C09DBF30289}.Debug|Any CPU.Build.0 = Debug|Any CPU
		{CF702D32-2B3C-4FE7-8916-4C09DBF30289}.Release|Any CPU.ActiveCfg = Release|Any CPU
		{CF702D32-2B3C-4FE7-8916-4C09DBF30289}.Release|Any CPU.Build.0 = Release|Any CPU
		{14BB7A61-752F-4D4B-958C-558D943CE530}.Debug|Any CPU.ActiveCfg = Debug|Any CPU
		{14BB7A61-752F-4D4B-958C-558D943CE530}.Debug|Any CPU.Build.0 = Debug|Any CPU
		{14BB7A61-752F-4D4B-958C-558D943CE530}.Release|Any CPU.ActiveCfg = Release|Any CPU
		{14BB7A61-752F-4D4B-958C-558D943CE530}.Release|Any CPU.Build.0 = Release|Any CPU
		{01958A82-DC06-4A6E-A78E-F46593E509CE}.Debug|Any CPU.ActiveCfg = Debug|Any CPU
		{01958A82-DC06-4A6E-A78E-F46593E509CE}.Debug|Any CPU.Build.0 = Debug|Any CPU
		{01958A82-DC06-4A6E-A78E-F46593E509CE}.Release|Any CPU.ActiveCfg = Release|Any CPU
		{01958A82-DC06-4A6E-A78E-F46593E509CE}.Release|Any CPU.Build.0 = Release|Any CPU
		{E9B1F91F-698D-436D-BEFC-EF0F46672793}.Debug|Any CPU.ActiveCfg = Debug|Any CPU
		{E9B1F91F-698D-436D-BEFC-EF0F46672793}.Debug|Any CPU.Build.0 = Debug|Any CPU
		{E9B1F91F-698D-436D-BEFC-EF0F46672793}.Release|Any CPU.ActiveCfg = Release|Any CPU
		{E9B1F91F-698D-436D-BEFC-EF0F46672793}.Release|Any CPU.Build.0 = Release|Any CPU
		{E3C869AE-C9EE-4BD7-9A4D-3984E6D27838}.Debug|Any CPU.ActiveCfg = Debug|Any CPU
		{E3C869AE-C9EE-4BD7-9A4D-3984E6D27838}.Debug|Any CPU.Build.0 = Debug|Any CPU
		{E3C869AE-C9EE-4BD7-9A4D-3984E6D27838}.Release|Any CPU.ActiveCfg = Release|Any CPU
		{E3C869AE-C9EE-4BD7-9A4D-3984E6D27838}.Release|Any CPU.Build.0 = Release|Any CPU
		{5A54B921-F3C0-4AC2-94DB-8D27281A65E2}.Debug|Any CPU.ActiveCfg = Debug|Any CPU
		{5A54B921-F3C0-4AC2-94DB-8D27281A65E2}.Debug|Any CPU.Build.0 = Debug|Any CPU
		{5A54B921-F3C0-4AC2-94DB-8D27281A65E2}.Release|Any CPU.ActiveCfg = Release|Any CPU
		{5A54B921-F3C0-4AC2-94DB-8D27281A65E2}.Release|Any CPU.Build.0 = Release|Any CPU
		{F7D57987-C8F9-4172-8C3D-C99606935429}.Debug|Any CPU.ActiveCfg = Debug|Any CPU
		{F7D57987-C8F9-4172-8C3D-C99606935429}.Debug|Any CPU.Build.0 = Debug|Any CPU
		{F7D57987-C8F9-4172-8C3D-C99606935429}.Release|Any CPU.ActiveCfg = Release|Any CPU
		{F7D57987-C8F9-4172-8C3D-C99606935429}.Release|Any CPU.Build.0 = Release|Any CPU
		{1DF8D325-8F38-438C-AB8D-141B73CDC8E6}.Debug|Any CPU.ActiveCfg = Debug|Any CPU
		{1DF8D325-8F38-438C-AB8D-141B73CDC8E6}.Debug|Any CPU.Build.0 = Debug|Any CPU
		{1DF8D325-8F38-438C-AB8D-141B73CDC8E6}.Release|Any CPU.ActiveCfg = Release|Any CPU
		{1DF8D325-8F38-438C-AB8D-141B73CDC8E6}.Release|Any CPU.Build.0 = Release|Any CPU
		{B3982DF7-B3D1-40D9-A8B5-A4E1031A5C93}.Debug|Any CPU.ActiveCfg = Debug|Any CPU
		{B3982DF7-B3D1-40D9-A8B5-A4E1031A5C93}.Debug|Any CPU.Build.0 = Debug|Any CPU
		{B3982DF7-B3D1-40D9-A8B5-A4E1031A5C93}.Release|Any CPU.ActiveCfg = Release|Any CPU
		{B3982DF7-B3D1-40D9-A8B5-A4E1031A5C93}.Release|Any CPU.Build.0 = Release|Any CPU
		{78D8D946-697E-4A56-9CC0-11F0E2FCD0CE}.Debug|Any CPU.ActiveCfg = Debug|Any CPU
		{78D8D946-697E-4A56-9CC0-11F0E2FCD0CE}.Debug|Any CPU.Build.0 = Debug|Any CPU
		{78D8D946-697E-4A56-9CC0-11F0E2FCD0CE}.Release|Any CPU.ActiveCfg = Release|Any CPU
		{78D8D946-697E-4A56-9CC0-11F0E2FCD0CE}.Release|Any CPU.Build.0 = Release|Any CPU
		{0EDFCB7C-3E76-4589-89FB-02DB5732199F}.Debug|Any CPU.ActiveCfg = Debug|Any CPU
		{0EDFCB7C-3E76-4589-89FB-02DB5732199F}.Debug|Any CPU.Build.0 = Debug|Any CPU
		{0EDFCB7C-3E76-4589-89FB-02DB5732199F}.Release|Any CPU.ActiveCfg = Release|Any CPU
		{0EDFCB7C-3E76-4589-89FB-02DB5732199F}.Release|Any CPU.Build.0 = Release|Any CPU
		{23C473C3-C031-4DE8-A0D6-6863242483AE}.Debug|Any CPU.ActiveCfg = Debug|Any CPU
		{23C473C3-C031-4DE8-A0D6-6863242483AE}.Debug|Any CPU.Build.0 = Debug|Any CPU
		{23C473C3-C031-4DE8-A0D6-6863242483AE}.Release|Any CPU.ActiveCfg = Release|Any CPU
		{23C473C3-C031-4DE8-A0D6-6863242483AE}.Release|Any CPU.Build.0 = Release|Any CPU
		{ABF4A4EE-A5A0-4739-9E2D-9D17AC7E889E}.Debug|Any CPU.ActiveCfg = Debug|Any CPU
		{ABF4A4EE-A5A0-4739-9E2D-9D17AC7E889E}.Debug|Any CPU.Build.0 = Debug|Any CPU
		{ABF4A4EE-A5A0-4739-9E2D-9D17AC7E889E}.Release|Any CPU.ActiveCfg = Release|Any CPU
		{ABF4A4EE-A5A0-4739-9E2D-9D17AC7E889E}.Release|Any CPU.Build.0 = Release|Any CPU
	EndGlobalSection
	GlobalSection(SolutionProperties) = preSolution
		HideSolutionNode = FALSE
	EndGlobalSection
	GlobalSection(NestedProjects) = preSolution
		{CF702D32-2B3C-4FE7-8916-4C09DBF30289} = {DF6EB216-5709-40B2-8EFE-403540F756BE}
		{01958A82-DC06-4A6E-A78E-F46593E509CE} = {DF6EB216-5709-40B2-8EFE-403540F756BE}
		{C39212F3-F075-45AB-8821-18C64E320A47} = {DF6EB216-5709-40B2-8EFE-403540F756BE}
		{F7BF1E82-E655-4C2D-B8B8-2166827A27D7} = {DF6EB216-5709-40B2-8EFE-403540F756BE}
		{733A6296-0B76-456A-91BD-C88B718BD186} = {DF6EB216-5709-40B2-8EFE-403540F756BE}
		{6E394F23-249A-465A-A19C-720936561292} = {DF6EB216-5709-40B2-8EFE-403540F756BE}
		{F787552F-D10E-411E-81E7-20551919B0DD} = {DF6EB216-5709-40B2-8EFE-403540F756BE}
		{6A5F0E38-3A70-444D-B917-814E781B383F} = {DF6EB216-5709-40B2-8EFE-403540F756BE}
		{82ECFFE7-19AD-40BC-A3D7-A6A0A08AA955} = {2D00D811-DB9A-43C7-8B18-A32FA00ACD77}
		{C8E16906-65DD-462F-989C-F627F38FBE81} = {2D00D811-DB9A-43C7-8B18-A32FA00ACD77}
		{5ADDB328-D9EF-4AE9-A211-195B7A708C42} = {2D00D811-DB9A-43C7-8B18-A32FA00ACD77}
		{4541F5B6-8A87-49D9-A7D5-1F4274258189} = {2D00D811-DB9A-43C7-8B18-A32FA00ACD77}
		{6C76DAE9-DA5B-4A94-B79C-1160151A3EB3} = {2D00D811-DB9A-43C7-8B18-A32FA00ACD77}
		{14BB7A61-752F-4D4B-958C-558D943CE530} = {42F1113F-B333-46B1-9877-7586AE7CD591}
		{DAFA1BD8-6CAB-442C-8CC0-D3659BA3EE21} = {82ECFFE7-19AD-40BC-A3D7-A6A0A08AA955}
		{5E394963-F77F-49F3-9633-3698319DAE1E} = {82ECFFE7-19AD-40BC-A3D7-A6A0A08AA955}
		{EE721A13-9C8B-4CA1-A5DF-B56197608357} = {82ECFFE7-19AD-40BC-A3D7-A6A0A08AA955}
		{E9B1F91F-698D-436D-BEFC-EF0F46672793} = {C39212F3-F075-45AB-8821-18C64E320A47}
		{1DF8D325-8F38-438C-AB8D-141B73CDC8E6} = {C39212F3-F075-45AB-8821-18C64E320A47}
		{B3982DF7-B3D1-40D9-A8B5-A4E1031A5C93} = {C39212F3-F075-45AB-8821-18C64E320A47}
		{E3C869AE-C9EE-4BD7-9A4D-3984E6D27838} = {F7BF1E82-E655-4C2D-B8B8-2166827A27D7}
		{5A54B921-F3C0-4AC2-94DB-8D27281A65E2} = {733A6296-0B76-456A-91BD-C88B718BD186}
		{F7D57987-C8F9-4172-8C3D-C99606935429} = {733A6296-0B76-456A-91BD-C88B718BD186}
		{78D8D946-697E-4A56-9CC0-11F0E2FCD0CE} = {6E394F23-249A-465A-A19C-720936561292}
		{0EDFCB7C-3E76-4589-89FB-02DB5732199F} = {F787552F-D10E-411E-81E7-20551919B0DD}
		{23C473C3-C031-4DE8-A0D6-6863242483AE} = {6A5F0E38-3A70-444D-B917-814E781B383F}
		{ABF4A4EE-A5A0-4739-9E2D-9D17AC7E889E} = {6A5F0E38-3A70-444D-B917-814E781B383F}
	EndGlobalSection
EndGlobal
